PODS:
  - CommonCryptoModule (1.0.1)
  - Siesta/Core (1.4.2)
  - Siesta/Tools (1.4.2):
    - CommonCryptoModule
    - Siesta/Core
  - Siesta/UI (1.4.2):
    - Siesta/Core

DEPENDENCIES:
  - Siesta/Tools (from `../..`)
  - Siesta/UI (from `../..`)

SPEC REPOS:
  https://github.com/cocoapods/specs.git:
    - CommonCryptoModule

EXTERNAL SOURCES:
  Siesta:
    :path: "../.."

SPEC CHECKSUMS:
  CommonCryptoModule: ee1951ed7ad8f8c4293754c0e1b53ab2089f1e4e
  Siesta: 2c1596baa407e49ac39b58e4048c60647995bfb0

PODFILE CHECKSUM: dcd41fbb493c0ab37222fba68287d0e620fb57a4

COCOAPODS: 1.6.0.beta.1
